// !$*UTF8*$!
{
	archiveVersion = 1;
	classes = {
	};
	objectVersion = 63;
	objects = {

/* Begin PBXBuildFile section */
		17A5949D86D7F4EF99877111 /* VwaTekApplyApp.swift in Sources */ = {isa = PBXBuildFile; fileRef = 40E9D196F4271F22B876911E /* VwaTekApplyApp.swift */; };
		1C1CB1D9ECA6E817E01AB399 /* PDFGenerator.swift in Sources */ = {isa = PBXBuildFile; fileRef = 0A189CB88AAA2D32E63445D8 /* PDFGenerator.swift */; };
		1FF5696C3D77F3356BD8A33F /* StarCoachingSheet.swift in Sources */ = {isa = PBXBuildFile; fileRef = 03F51208F58345C733015129 /* StarCoachingSheet.swift */; };
		272CFC352B1BDA211BD0406F /* ContentView.swift in Sources */ = {isa = PBXBuildFile; fileRef = A3FDF7F0B041A43B9251A7FB /* ContentView.swift */; };
		28F55CAC0EA5B300260AFC41 /* AuthViewModelWrapper.swift in Sources */ = {isa = PBXBuildFile; fileRef = DF6063F0553C53F3B7168FF4 /* AuthViewModelWrapper.swift */; };
		2A8E941ECA01D5434A0184EB /* LinkedInImportSheet.swift in Sources */ = {isa = PBXBuildFile; fileRef = 8AC31741B1382183DEC54E54 /* LinkedInImportSheet.swift */; };
		2FAE483DBEA87C74D79ED4FE /* PDFExportSheet.swift in Sources */ = {isa = PBXBuildFile; fileRef = 8678DE0B78A0AA615B192912 /* PDFExportSheet.swift */; };
		3B14D7A1A4567B63FEE6FE03 /* HomeView.swift in Sources */ = {isa = PBXBuildFile; fileRef = EDF848420A89F863F3069441 /* HomeView.swift */; };
		478D005BBA1082AA16F4A68E /* AppleSignInManager.swift in Sources */ = {isa = PBXBuildFile; fileRef = DE2C6B5CAD1EDFE62F7973EC /* AppleSignInManager.swift */; };
		65AB3375CA176CC7556227FF /* VersionHistorySheet.swift in Sources */ = {isa = PBXBuildFile; fileRef = 4C1C2E87473D82ABC30B62CA /* VersionHistorySheet.swift */; };
		6A2AC03A23FBA26DE546486D /* OptimizerView.swift in Sources */ = {isa = PBXBuildFile; fileRef = B67CA604446C13252343EDDA /* OptimizerView.swift */; };
		6BDF1473F6CB23A229630BA2 /* PDFExportSheet.swift in Sources */ = {isa = PBXBuildFile; fileRef = CAEE0C86979A04977BF47995 /* PDFExportSheet.swift */; };
		6E3D9F16479301607C546EE9 /* InterviewView.swift in Sources */ = {isa = PBXBuildFile; fileRef = 51DE1AD865ECE94131AFFE15 /* InterviewView.swift */; };
		726C4CD633E58267F88842A9 /* GoogleSignInManager.swift in Sources */ = {isa = PBXBuildFile; fileRef = 353E959E7995FEF67E7B48C4 /* GoogleSignInManager.swift */; };
		7AFB4CBD0CB5B414D96C959C /* LinkedInImportSheet.swift in Sources */ = {isa = PBXBuildFile; fileRef = 299BEAD11464B706E1C31E60 /* LinkedInImportSheet.swift */; };
		7E2C23EE0E4F5F0F0E0C889A /* Assets.xcassets in Resources */ = {isa = PBXBuildFile; fileRef = 6F88C7C85B95DD89B6610D53 /* Assets.xcassets */; };
		A038C240468CBB527CABF9F5 /* libsqlite3.tbd in Frameworks */ = {isa = PBXBuildFile; fileRef = 3D004132C4947C7BF1067C59 /* libsqlite3.tbd */; };
		A1F8A5E762BC3384B624B88A /* VersionHistorySheet.swift in Sources */ = {isa = PBXBuildFile; fileRef = A0805B8A45ED28A8AD62BD61 /* VersionHistorySheet.swift */; };
		AA52E3E81814674337D4F74A /* ResumeView.swift in Sources */ = {isa = PBXBuildFile; fileRef = 2C5B7A98948F343A5463D1B4 /* ResumeView.swift */; };
		AB82098BB049F447AF4BBDD3 /* OptimizerView.swift in Sources */ = {isa = PBXBuildFile; fileRef = CC0DACF25C7368524842371D /* OptimizerView.swift */; };
		AE6EF4B758720F0A00163AE3 /* CoverLetterView.swift in Sources */ = {isa = PBXBuildFile; fileRef = 8C9DF557E1860DF402B406BA /* CoverLetterView.swift */; };
		B5FD1B2282FC2948E6BA657C /* StarCoachingSheet.swift in Sources */ = {isa = PBXBuildFile; fileRef = 9E46CC685044F29571504B60 /* StarCoachingSheet.swift */; };
		BD0830CE063A935AF4D96281 /* ProfileView.swift in Sources */ = {isa = PBXBuildFile; fileRef = 7EFB2DCB22C75BDAFA51685B /* ProfileView.swift */; };
		D0EFA89C277B22B0A9227757 /* OptimizerView.swift in Sources */ = {isa = PBXBuildFile; fileRef = 84F2A1791FD26A948AC15434 /* OptimizerView.swift */; };
		DD5C020DBCDF81405A2C7F05 /* ResumeViewModelWrapper.swift in Sources */ = {isa = PBXBuildFile; fileRef = 48687A3711EA6C709300C285 /* ResumeViewModelWrapper.swift */; };
		E2BFD307630E7E9E5C1D8DC1 /* InterviewViewModelWrapper.swift in Sources */ = {isa = PBXBuildFile; fileRef = E92A2445FCECB46CBDB6CE1E /* InterviewViewModelWrapper.swift */; };
		E7061917A43DC917DAFEA2BC /* PDFGenerator.swift in Sources */ = {isa = PBXBuildFile; fileRef = 4D1E31393F7D97B5EC115DBD /* PDFGenerator.swift */; };
		EF631B0E73BCC48D8F39A184 /* CoverLetterViewModelWrapper.swift in Sources */ = {isa = PBXBuildFile; fileRef = 2AB51E3D062E3B9D96899E3A /* CoverLetterViewModelWrapper.swift */; };
		F8A5B23BB4CFC0BEF23973E0 /* AuthView.swift in Sources */ = {isa = PBXBuildFile; fileRef = 92C87484A8D9B5990CB43986 /* AuthView.swift */; };
		FD03C8B4E8484A92F98992AB /* LinkedInAuthManager.swift in Sources */ = {isa = PBXBuildFile; fileRef = FD190ED735B01C2522F8D164 /* LinkedInAuthManager.swift */; };
/* End PBXBuildFile section */

/* Begin PBXFileReference section */
		03F51208F58345C733015129 /* StarCoachingSheet.swift */ = {isa = PBXFileReference; includeInIndex = 1; lastKnownFileType = sourcecode.swift; path = StarCoachingSheet.swift; sourceTree = "<group>"; };
		0A189CB88AAA2D32E63445D8 /* PDFGenerator.swift */ = {isa = PBXFileReference; includeInIndex = 1; lastKnownFileType = sourcecode.swift; path = PDFGenerator.swift; sourceTree = "<group>"; };
		299BEAD11464B706E1C31E60 /* LinkedInImportSheet.swift */ = {isa = PBXFileReference; includeInIndex = 1; lastKnownFileType = sourcecode.swift; path = LinkedInImportSheet.swift; sourceTree = "<group>"; };
		2AB51E3D062E3B9D96899E3A /* CoverLetterViewModelWrapper.swift */ = {isa = PBXFileReference; lastKnownFileType = sourcecode.swift; path = CoverLetterViewModelWrapper.swift; sourceTree = "<group>"; };
		2C5B7A98948F343A5463D1B4 /* ResumeView.swift */ = {isa = PBXFileReference; lastKnownFileType = sourcecode.swift; path = ResumeView.swift; sourceTree = "<group>"; };
		353E959E7995FEF67E7B48C4 /* GoogleSignInManager.swift */ = {isa = PBXFileReference; includeInIndex = 1; lastKnownFileType = sourcecode.swift; path = GoogleSignInManager.swift; sourceTree = "<group>"; };
		3D004132C4947C7BF1067C59 /* libsqlite3.tbd */ = {isa = PBXFileReference; lastKnownFileType = "sourcecode.text-based-dylib-definition"; name = libsqlite3.tbd; path = usr/lib/libsqlite3.tbd; sourceTree = SDKROOT; };
		40E9D196F4271F22B876911E /* VwaTekApplyApp.swift */ = {isa = PBXFileReference; lastKnownFileType = sourcecode.swift; path = VwaTekApplyApp.swift; sourceTree = "<group>"; };
		48687A3711EA6C709300C285 /* ResumeViewModelWrapper.swift */ = {isa = PBXFileReference; lastKnownFileType = sourcecode.swift; path = ResumeViewModelWrapper.swift; sourceTree = "<group>"; };
		4C1C2E87473D82ABC30B62CA /* VersionHistorySheet.swift */ = {isa = PBXFileReference; includeInIndex = 1; lastKnownFileType = sourcecode.swift; path = VersionHistorySheet.swift; sourceTree = "<group>"; };
		4D1E31393F7D97B5EC115DBD /* PDFGenerator.swift */ = {isa = PBXFileReference; includeInIndex = 1; lastKnownFileType = sourcecode.swift; path = PDFGenerator.swift; sourceTree = "<group>"; };
		51DE1AD865ECE94131AFFE15 /* InterviewView.swift */ = {isa = PBXFileReference; lastKnownFileType = sourcecode.swift; path = InterviewView.swift; sourceTree = "<group>"; };
		6F88C7C85B95DD89B6610D53 /* Assets.xcassets */ = {isa = PBXFileReference; lastKnownFileType = folder.assetcatalog; path = Assets.xcassets; sourceTree = "<group>"; };
		708549F41DBED85F7CEA6370 /* iosApp.app */ = {isa = PBXFileReference; explicitFileType = wrapper.application; includeInIndex = 0; path = iosApp.app; sourceTree = BUILT_PRODUCTS_DIR; };
		7EFB2DCB22C75BDAFA51685B /* ProfileView.swift */ = {isa = PBXFileReference; lastKnownFileType = sourcecode.swift; path = ProfileView.swift; sourceTree = "<group>"; };
		84F2A1791FD26A948AC15434 /* OptimizerView.swift */ = {isa = PBXFileReference; includeInIndex = 1; lastKnownFileType = sourcecode.swift; path = OptimizerView.swift; sourceTree = "<group>"; };
		8678DE0B78A0AA615B192912 /* PDFExportSheet.swift */ = {isa = PBXFileReference; includeInIndex = 1; lastKnownFileType = sourcecode.swift; path = PDFExportSheet.swift; sourceTree = "<group>"; };
		8AC31741B1382183DEC54E54 /* LinkedInImportSheet.swift */ = {isa = PBXFileReference; includeInIndex = 1; lastKnownFileType = sourcecode.swift; path = LinkedInImportSheet.swift; sourceTree = "<group>"; };
		8C9DF557E1860DF402B406BA /* CoverLetterView.swift */ = {isa = PBXFileReference; lastKnownFileType = sourcecode.swift; path = CoverLetterView.swift; sourceTree = "<group>"; };
		92C87484A8D9B5990CB43986 /* AuthView.swift */ = {isa = PBXFileReference; lastKnownFileType = sourcecode.swift; path = AuthView.swift; sourceTree = "<group>"; };
		9E46CC685044F29571504B60 /* StarCoachingSheet.swift */ = {isa = PBXFileReference; includeInIndex = 1; lastKnownFileType = sourcecode.swift; path = StarCoachingSheet.swift; sourceTree = "<group>"; };
		A0805B8A45ED28A8AD62BD61 /* VersionHistorySheet.swift */ = {isa = PBXFileReference; includeInIndex = 1; lastKnownFileType = sourcecode.swift; path = VersionHistorySheet.swift; sourceTree = "<group>"; };
		A3FDF7F0B041A43B9251A7FB /* ContentView.swift */ = {isa = PBXFileReference; lastKnownFileType = sourcecode.swift; path = ContentView.swift; sourceTree = "<group>"; };
		B67CA604446C13252343EDDA /* OptimizerView.swift */ = {isa = PBXFileReference; includeInIndex = 1; lastKnownFileType = sourcecode.swift; path = OptimizerView.swift; sourceTree = "<group>"; };
		CAEE0C86979A04977BF47995 /* PDFExportSheet.swift */ = {isa = PBXFileReference; includeInIndex = 1; lastKnownFileType = sourcecode.swift; path = PDFExportSheet.swift; sourceTree = "<group>"; };
		CC0DACF25C7368524842371D /* OptimizerView.swift */ = {isa = PBXFileReference; lastKnownFileType = sourcecode.swift; path = OptimizerView.swift; sourceTree = "<group>"; };
		DE2C6B5CAD1EDFE62F7973EC /* AppleSignInManager.swift */ = {isa = PBXFileReference; includeInIndex = 1; lastKnownFileType = sourcecode.swift; path = AppleSignInManager.swift; sourceTree = "<group>"; };
		DF6063F0553C53F3B7168FF4 /* AuthViewModelWrapper.swift */ = {isa = PBXFileReference; lastKnownFileType = sourcecode.swift; path = AuthViewModelWrapper.swift; sourceTree = "<group>"; };
		E92A2445FCECB46CBDB6CE1E /* InterviewViewModelWrapper.swift */ = {isa = PBXFileReference; lastKnownFileType = sourcecode.swift; path = InterviewViewModelWrapper.swift; sourceTree = "<group>"; };
		EC3F5B9BB97B532D640CF983 /* Info.plist */ = {isa = PBXFileReference; lastKnownFileType = text.plist; path = Info.plist; sourceTree = "<group>"; };
		EDF848420A89F863F3069441 /* HomeView.swift */ = {isa = PBXFileReference; lastKnownFileType = sourcecode.swift; path = HomeView.swift; sourceTree = "<group>"; };
		FD190ED735B01C2522F8D164 /* LinkedInAuthManager.swift */ = {isa = PBXFileReference; includeInIndex = 1; lastKnownFileType = sourcecode.swift; path = LinkedInAuthManager.swift; sourceTree = "<group>"; };
/* End PBXFileReference section */

/* Begin PBXFrameworksBuildPhase section */
		5D28CBFF6BAF0519C45F6798 /* Frameworks */ = {
			isa = PBXFrameworksBuildPhase;
			buildActionMask = 2147483647;
			files = (
				A038C240468CBB527CABF9F5 /* libsqlite3.tbd in Frameworks */,
			);
			runOnlyForDeploymentPostprocessing = 0;
		};
/* End PBXFrameworksBuildPhase section */

/* Begin PBXGroup section */
		0A00CB3C2579755106EBA5EA /* Auth */ = {
			isa = PBXGroup;
			children = (
				353E959E7995FEF67E7B48C4 /* GoogleSignInManager.swift */,
				DE2C6B5CAD1EDFE62F7973EC /* AppleSignInManager.swift */,
				FD190ED735B01C2522F8D164 /* LinkedInAuthManager.swift */,
			);
			name = Auth;
			path = Auth;
			sourceTree = "<group>";
		};
		2E87FDAC85E0946BED8A40A9 /* Frameworks */ = {
			isa = PBXGroup;
			children = (
				3D004132C4947C7BF1067C59 /* libsqlite3.tbd */,
			);
			name = Frameworks;
			sourceTree = "<group>";
		};
		3FAB2186497EC773C46DF523 /* iosApp */ = {
			isa = PBXGroup;
			children = (
				6F88C7C85B95DD89B6610D53 /* Assets.xcassets */,
				A3FDF7F0B041A43B9251A7FB /* ContentView.swift */,
				EC3F5B9BB97B532D640CF983 /* Info.plist */,
				40E9D196F4271F22B876911E /* VwaTekApplyApp.swift */,
				81A7D4BDD10DDCE306B7DF04 /* ViewModels */,
				760F386EC6D9DA235724B8E4 /* Views */,
				0A00CB3C2579755106EBA5EA /* Auth */,
				921D91346BC63F85A37EA798 /* Views */,
				4F6A2A51BB345829338EE879 /* Utilities */,
			);
			path = iosApp;
			sourceTree = "<group>";
		};
		4F6A2A51BB345829338EE879 /* Utilities */ = {
			isa = PBXGroup;
			children = (
				4D1E31393F7D97B5EC115DBD /* PDFGenerator.swift */,
				0A189CB88AAA2D32E63445D8 /* PDFGenerator.swift */,
			);
			name = Utilities;
			path = Utilities;
			sourceTree = "<group>";
		};
		71A83B96EE7652FF7AC1F1B9 = {
			isa = PBXGroup;
			children = (
				3FAB2186497EC773C46DF523 /* iosApp */,
				2E87FDAC85E0946BED8A40A9 /* Frameworks */,
				92F36DCDEC1AB664986F7746 /* Products */,
			);
			sourceTree = "<group>";
		};
		760F386EC6D9DA235724B8E4 /* Views */ = {
			isa = PBXGroup;
			children = (
				92C87484A8D9B5990CB43986 /* AuthView.swift */,
				8C9DF557E1860DF402B406BA /* CoverLetterView.swift */,
				EDF848420A89F863F3069441 /* HomeView.swift */,
				51DE1AD865ECE94131AFFE15 /* InterviewView.swift */,
				CC0DACF25C7368524842371D /* OptimizerView.swift */,
				7EFB2DCB22C75BDAFA51685B /* ProfileView.swift */,
				2C5B7A98948F343A5463D1B4 /* ResumeView.swift */,
			);
			path = Views;
			sourceTree = "<group>";
		};
		81A7D4BDD10DDCE306B7DF04 /* ViewModels */ = {
			isa = PBXGroup;
			children = (
				DF6063F0553C53F3B7168FF4 /* AuthViewModelWrapper.swift */,
				2AB51E3D062E3B9D96899E3A /* CoverLetterViewModelWrapper.swift */,
				E92A2445FCECB46CBDB6CE1E /* InterviewViewModelWrapper.swift */,
				48687A3711EA6C709300C285 /* ResumeViewModelWrapper.swift */,
			);
			path = ViewModels;
			sourceTree = "<group>";
		};
		921D91346BC63F85A37EA798 /* Views */ = {
			isa = PBXGroup;
			children = (
				9E46CC685044F29571504B60 /* StarCoachingSheet.swift */,
				299BEAD11464B706E1C31E60 /* LinkedInImportSheet.swift */,
				8678DE0B78A0AA615B192912 /* PDFExportSheet.swift */,
				4C1C2E87473D82ABC30B62CA /* VersionHistorySheet.swift */,
				B67CA604446C13252343EDDA /* OptimizerView.swift */,
				03F51208F58345C733015129 /* StarCoachingSheet.swift */,
				8AC31741B1382183DEC54E54 /* LinkedInImportSheet.swift */,
				CAEE0C86979A04977BF47995 /* PDFExportSheet.swift */,
				A0805B8A45ED28A8AD62BD61 /* VersionHistorySheet.swift */,
				84F2A1791FD26A948AC15434 /* OptimizerView.swift */,
			);
			name = Views;
			path = Views;
			sourceTree = "<group>";
		};
		92F36DCDEC1AB664986F7746 /* Products */ = {
			isa = PBXGroup;
			children = (
				708549F41DBED85F7CEA6370 /* iosApp.app */,
			);
			name = Products;
			sourceTree = "<group>";
		};
/* End PBXGroup section */

/* Begin PBXNativeTarget section */
		7AC8F141666C9C07F32E1E2D /* iosApp */ = {
			isa = PBXNativeTarget;
			buildConfigurationList = 60E3BCD27533DEF1B487E2D9 /* Build configuration list for PBXNativeTarget "iosApp" */;
			buildPhases = (
				65FC8A9AACB666540565FE7E /* Build Shared Framework */,
				91A72D8D7118FC7A10901DF4 /* Sources */,
				7839B2EDFC1D4CDD3B7E42E5 /* Resources */,
				5D28CBFF6BAF0519C45F6798 /* Frameworks */,
			);
			buildRules = (
			);
			dependencies = (
			);
			name = iosApp;
			productName = iosApp;
			productReference = 708549F41DBED85F7CEA6370 /* iosApp.app */;
			productType = "com.apple.product-type.application";
		};
/* End PBXNativeTarget section */

/* Begin PBXProject section */
		4F6D707E9ADCAE985EFDE87D /* Project object */ = {
			isa = PBXProject;
			attributes = {
				BuildIndependentTargetsInParallel = YES;
				LastUpgradeCheck = 1500;
				TargetAttributes = {
					7AC8F141666C9C07F32E1E2D = {
						ProvisioningStyle = Automatic;
					};
				};
			};
			buildConfigurationList = 3163B9F613B8A64474F4F414 /* Build configuration list for PBXProject "VwaTekApply" */;
			compatibilityVersion = "Xcode 14.0";
			developmentRegion = en;
			hasScannedForEncodings = 0;
			knownRegions = (
				Base,
				en,
			);
			mainGroup = 71A83B96EE7652FF7AC1F1B9;
			minimizedProjectReferenceProxies = 1;
			productRefGroup = 92F36DCDEC1AB664986F7746 /* Products */;
			projectDirPath = "";
			projectRoot = "";
			targets = (
				7AC8F141666C9C07F32E1E2D /* iosApp */,
			);
		};
/* End PBXProject section */

/* Begin PBXResourcesBuildPhase section */
		7839B2EDFC1D4CDD3B7E42E5 /* Resources */ = {
			isa = PBXResourcesBuildPhase;
			buildActionMask = 2147483647;
			files = (
				7E2C23EE0E4F5F0F0E0C889A /* Assets.xcassets in Resources */,
			);
			runOnlyForDeploymentPostprocessing = 0;
		};
/* End PBXResourcesBuildPhase section */

/* Begin PBXShellScriptBuildPhase section */
		65FC8A9AACB666540565FE7E /* Build Shared Framework */ = {
			isa = PBXShellScriptBuildPhase;
			alwaysOutOfDate = 1;
			buildActionMask = 2147483647;
			files = (
			);
			inputFileListPaths = (
			);
			inputPaths = (
			);
			name = "Build Shared Framework";
			outputFileListPaths = (
			);
			outputPaths = (
			);
			runOnlyForDeploymentPostprocessing = 0;
			shellPath = /bin/sh;
			shellScript = "cd \"$SRCROOT/..\"\nif [ \"$CONFIGURATION\" = \"Debug\" ]; then\n  if [ \"$PLATFORM_NAME\" = \"iphonesimulator\" ]; then\n    ./gradlew :shared:linkDebugFrameworkIosSimulatorArm64 --no-daemon\n  else\n    ./gradlew :shared:linkDebugFrameworkIosArm64 --no-daemon\n  fi\nelse\n  ./gradlew :shared:linkReleaseFrameworkIosArm64 --no-daemon\nfi\n";
		};
/* End PBXShellScriptBuildPhase section */

/* Begin PBXSourcesBuildPhase section */
		91A72D8D7118FC7A10901DF4 /* Sources */ = {
			isa = PBXSourcesBuildPhase;
			buildActionMask = 2147483647;
			files = (
				F8A5B23BB4CFC0BEF23973E0 /* AuthView.swift in Sources */,
				28F55CAC0EA5B300260AFC41 /* AuthViewModelWrapper.swift in Sources */,
				272CFC352B1BDA211BD0406F /* ContentView.swift in Sources */,
				AE6EF4B758720F0A00163AE3 /* CoverLetterView.swift in Sources */,
				EF631B0E73BCC48D8F39A184 /* CoverLetterViewModelWrapper.swift in Sources */,
				3B14D7A1A4567B63FEE6FE03 /* HomeView.swift in Sources */,
				6E3D9F16479301607C546EE9 /* InterviewView.swift in Sources */,
				E2BFD307630E7E9E5C1D8DC1 /* InterviewViewModelWrapper.swift in Sources */,
				AB82098BB049F447AF4BBDD3 /* OptimizerView.swift in Sources */,
				BD0830CE063A935AF4D96281 /* ProfileView.swift in Sources */,
				AA52E3E81814674337D4F74A /* ResumeView.swift in Sources */,
				DD5C020DBCDF81405A2C7F05 /* ResumeViewModelWrapper.swift in Sources */,
				17A5949D86D7F4EF99877111 /* VwaTekApplyApp.swift in Sources */,
				726C4CD633E58267F88842A9 /* GoogleSignInManager.swift in Sources */,
				478D005BBA1082AA16F4A68E /* AppleSignInManager.swift in Sources */,
				FD03C8B4E8484A92F98992AB /* LinkedInAuthManager.swift in Sources */,
				B5FD1B2282FC2948E6BA657C /* StarCoachingSheet.swift in Sources */,
				7AFB4CBD0CB5B414D96C959C /* LinkedInImportSheet.swift in Sources */,
				2FAE483DBEA87C74D79ED4FE /* PDFExportSheet.swift in Sources */,
				65AB3375CA176CC7556227FF /* VersionHistorySheet.swift in Sources */,
				6A2AC03A23FBA26DE546486D /* OptimizerView.swift in Sources */,
				E7061917A43DC917DAFEA2BC /* PDFGenerator.swift in Sources */,
				1FF5696C3D77F3356BD8A33F /* StarCoachingSheet.swift in Sources */,
				2A8E941ECA01D5434A0184EB /* LinkedInImportSheet.swift in Sources */,
				6BDF1473F6CB23A229630BA2 /* PDFExportSheet.swift in Sources */,
				A1F8A5E762BC3384B624B88A /* VersionHistorySheet.swift in Sources */,
				D0EFA89C277B22B0A9227757 /* OptimizerView.swift in Sources */,
				1C1CB1D9ECA6E817E01AB399 /* PDFGenerator.swift in Sources */,
			);
			runOnlyForDeploymentPostprocessing = 0;
		};
/* End PBXSourcesBuildPhase section */

/* Begin XCBuildConfiguration section */
		475DCC0F46B84AB35AE24EE1 /* Release */ = {
			isa = XCBuildConfiguration;
			buildSettings = {
				ALWAYS_SEARCH_USER_PATHS = NO;
				CLANG_ANALYZER_NONNULL = YES;
				CLANG_ANALYZER_NUMBER_OBJECT_CONVERSION = YES_AGGRESSIVE;
				CLANG_CXX_LANGUAGE_STANDARD = "gnu++14";
				CLANG_CXX_LIBRARY = "libc++";
				CLANG_ENABLE_MODULES = YES;
				CLANG_ENABLE_OBJC_ARC = YES;
				CLANG_ENABLE_OBJC_WEAK = YES;
				CLANG_WARN_BLOCK_CAPTURE_AUTORELEASING = YES;
				CLANG_WARN_BOOL_CONVERSION = YES;
				CLANG_WARN_COMMA = YES;
				CLANG_WARN_CONSTANT_CONVERSION = YES;
				CLANG_WARN_DEPRECATED_OBJC_IMPLEMENTATIONS = YES;
				CLANG_WARN_DIRECT_OBJC_ISA_USAGE = YES_ERROR;
				CLANG_WARN_DOCUMENTATION_COMMENTS = YES;
				CLANG_WARN_EMPTY_BODY = YES;
				CLANG_WARN_ENUM_CONVERSION = YES;
				CLANG_WARN_INFINITE_RECURSION = YES;
				CLANG_WARN_INT_CONVERSION = YES;
				CLANG_WARN_NON_LITERAL_NULL_CONVERSION = YES;
				CLANG_WARN_OBJC_IMPLICIT_RETAIN_SELF = YES;
				CLANG_WARN_OBJC_LITERAL_CONVERSION = YES;
				CLANG_WARN_OBJC_ROOT_CLASS = YES_ERROR;
				CLANG_WARN_QUOTED_INCLUDE_IN_FRAMEWORK_HEADER = YES;
				CLANG_WARN_RANGE_LOOP_ANALYSIS = YES;
				CLANG_WARN_STRICT_PROTOTYPES = YES;
				CLANG_WARN_SUSPICIOUS_MOVE = YES;
				CLANG_WARN_UNGUARDED_AVAILABILITY = YES_AGGRESSIVE;
				CLANG_WARN_UNREACHABLE_CODE = YES;
				CLANG_WARN__DUPLICATE_METHOD_MATCH = YES;
				COPY_PHASE_STRIP = NO;
				DEBUG_INFORMATION_FORMAT = "dwarf-with-dsym";
				ENABLE_NS_ASSERTIONS = NO;
				ENABLE_STRICT_OBJC_MSGSEND = YES;
				GCC_C_LANGUAGE_STANDARD = gnu11;
				GCC_NO_COMMON_BLOCKS = YES;
				GCC_WARN_64_TO_32_BIT_CONVERSION = YES;
				GCC_WARN_ABOUT_RETURN_TYPE = YES_ERROR;
				GCC_WARN_UNDECLARED_SELECTOR = YES;
				GCC_WARN_UNINITIALIZED_AUTOS = YES_AGGRESSIVE;
				GCC_WARN_UNUSED_FUNCTION = YES;
				GCC_WARN_UNUSED_VARIABLE = YES;
				IPHONEOS_DEPLOYMENT_TARGET = 16.0;
				MTL_ENABLE_DEBUG_INFO = NO;
				MTL_FAST_MATH = YES;
				PRODUCT_NAME = "$(TARGET_NAME)";
				SDKROOT = iphoneos;
				SWIFT_COMPILATION_MODE = wholemodule;
				SWIFT_OPTIMIZATION_LEVEL = "-O";
				SWIFT_VERSION = 5.0;
			};
			name = Release;
		};
		8621079F6C238491463F297A /* Debug */ = {
			isa = XCBuildConfiguration;
			buildSettings = {
				ASSETCATALOG_COMPILER_APPICON_NAME = AppIcon;
				ASSETCATALOG_COMPILER_GLOBAL_ACCENT_COLOR_NAME = AccentColor;
				CODE_SIGN_IDENTITY = "iPhone Developer";
				CODE_SIGN_STYLE = Automatic;
				CURRENT_PROJECT_VERSION = 1;
				DEVELOPMENT_TEAM = 65SZ4D8A7Y;
				"FRAMEWORK_SEARCH_PATHS[sdk=iphoneos*]" = (
					"$(inherited)",
					"\"$(SRCROOT)/../shared/build/bin/iosArm64/debugFramework\"",
				);
				"FRAMEWORK_SEARCH_PATHS[sdk=iphonesimulator*]" = (
					"$(inherited)",
					"\"$(SRCROOT)/../shared/build/bin/iosSimulatorArm64/debugFramework\"",
				);
				INFOPLIST_FILE = iosApp/Info.plist;
				IPHONEOS_DEPLOYMENT_TARGET = 16.0;
				LD_RUNPATH_SEARCH_PATHS = (
					"$(inherited)",
					"@executable_path/Frameworks",
				);
				MARKETING_VERSION = 1.0;
				OTHER_LDFLAGS = (
					"$(inherited)",
					"-ObjC",
					"-framework",
					shared,
				);
				PRODUCT_BUNDLE_IDENTIFIER = com.vwatek.apply;
				SDKROOT = iphoneos;
				SUPPORTS_MACCATALYST = NO;
				SWIFT_OPTIMIZATION_LEVEL = "-Onone";
				TARGETED_DEVICE_FAMILY = "1,2";
			};
			name = Debug;
		};
		959D513EB8C790EB49E078BC /* Release */ = {
			isa = XCBuildConfiguration;
			buildSettings = {
				ASSETCATALOG_COMPILER_APPICON_NAME = AppIcon;
				ASSETCATALOG_COMPILER_GLOBAL_ACCENT_COLOR_NAME = AccentColor;
				CODE_SIGN_IDENTITY = "iPhone Developer";
				CODE_SIGN_STYLE = Automatic;
				CURRENT_PROJECT_VERSION = 1;
				DEVELOPMENT_TEAM = 65SZ4D8A7Y;
				FRAMEWORK_SEARCH_PATHS = (
					"$(inherited)",
					"\"$(SRCROOT)/../shared/build/bin/iosArm64/releaseFramework\"",
				);
				INFOPLIST_FILE = iosApp/Info.plist;
				IPHONEOS_DEPLOYMENT_TARGET = 16.0;
				LD_RUNPATH_SEARCH_PATHS = (
					"$(inherited)",
					"@executable_path/Frameworks",
				);
				MARKETING_VERSION = 1.0;
				OTHER_LDFLAGS = (
					"$(inherited)",
					"-ObjC",
					"-framework",
					shared,
				);
				PRODUCT_BUNDLE_IDENTIFIER = com.vwatek.apply;
				SDKROOT = iphoneos;
				SUPPORTS_MACCATALYST = NO;
				SWIFT_OPTIMIZATION_LEVEL = "-O";
				TARGETED_DEVICE_FAMILY = "1,2";
			};
			name = Release;
		};
		FEF5050079DAC017D00B6D61 /* Debug */ = {
			isa = XCBuildConfiguration;
			buildSettings = {
				ALWAYS_SEARCH_USER_PATHS = NO;
				CLANG_ANALYZER_NONNULL = YES;
				CLANG_ANALYZER_NUMBER_OBJECT_CONVERSION = YES_AGGRESSIVE;
				CLANG_CXX_LANGUAGE_STANDARD = "gnu++14";
				CLANG_CXX_LIBRARY = "libc++";
				CLANG_ENABLE_MODULES = YES;
				CLANG_ENABLE_OBJC_ARC = YES;
				CLANG_ENABLE_OBJC_WEAK = YES;
				CLANG_WARN_BLOCK_CAPTURE_AUTORELEASING = YES;
				CLANG_WARN_BOOL_CONVERSION = YES;
				CLANG_WARN_COMMA = YES;
				CLANG_WARN_CONSTANT_CONVERSION = YES;
				CLANG_WARN_DEPRECATED_OBJC_IMPLEMENTATIONS = YES;
				CLANG_WARN_DIRECT_OBJC_ISA_USAGE = YES_ERROR;
				CLANG_WARN_DOCUMENTATION_COMMENTS = YES;
				CLANG_WARN_EMPTY_BODY = YES;
				CLANG_WARN_ENUM_CONVERSION = YES;
				CLANG_WARN_INFINITE_RECURSION = YES;
				CLANG_WARN_INT_CONVERSION = YES;
				CLANG_WARN_NON_LITERAL_NULL_CONVERSION = YES;
				CLANG_WARN_OBJC_IMPLICIT_RETAIN_SELF = YES;
				CLANG_WARN_OBJC_LITERAL_CONVERSION = YES;
				CLANG_WARN_OBJC_ROOT_CLASS = YES_ERROR;
				CLANG_WARN_QUOTED_INCLUDE_IN_FRAMEWORK_HEADER = YES;
				CLANG_WARN_RANGE_LOOP_ANALYSIS = YES;
				CLANG_WARN_STRICT_PROTOTYPES = YES;
				CLANG_WARN_SUSPICIOUS_MOVE = YES;
				CLANG_WARN_UNGUARDED_AVAILABILITY = YES_AGGRESSIVE;
				CLANG_WARN_UNREACHABLE_CODE = YES;
				CLANG_WARN__DUPLICATE_METHOD_MATCH = YES;
				COPY_PHASE_STRIP = NO;
				DEBUG_INFORMATION_FORMAT = dwarf;
				ENABLE_STRICT_OBJC_MSGSEND = YES;
				ENABLE_TESTABILITY = YES;
				GCC_C_LANGUAGE_STANDARD = gnu11;
				GCC_DYNAMIC_NO_PIC = NO;
				GCC_NO_COMMON_BLOCKS = YES;
				GCC_OPTIMIZATION_LEVEL = 0;
				GCC_PREPROCESSOR_DEFINITIONS = (
					"$(inherited)",
					"DEBUG=1",
				);
				GCC_WARN_64_TO_32_BIT_CONVERSION = YES;
				GCC_WARN_ABOUT_RETURN_TYPE = YES_ERROR;
				GCC_WARN_UNDECLARED_SELECTOR = YES;
				GCC_WARN_UNINITIALIZED_AUTOS = YES_AGGRESSIVE;
				GCC_WARN_UNUSED_FUNCTION = YES;
				GCC_WARN_UNUSED_VARIABLE = YES;
				IPHONEOS_DEPLOYMENT_TARGET = 16.0;
				MTL_ENABLE_DEBUG_INFO = INCLUDE_SOURCE;
				MTL_FAST_MATH = YES;
				ONLY_ACTIVE_ARCH = YES;
				PRODUCT_NAME = "$(TARGET_NAME)";
				SDKROOT = iphoneos;
				SWIFT_ACTIVE_COMPILATION_CONDITIONS = DEBUG;
				SWIFT_OPTIMIZATION_LEVEL = "-Onone";
				SWIFT_VERSION = 5.0;
			};
			name = Debug;
		};
/* End XCBuildConfiguration section */

/* Begin XCConfigurationList section */
		3163B9F613B8A64474F4F414 /* Build configuration list for PBXProject "VwaTekApply" */ = {
			isa = XCConfigurationList;
			buildConfigurations = (
				FEF5050079DAC017D00B6D61 /* Debug */,
				475DCC0F46B84AB35AE24EE1 /* Release */,
			);
			defaultConfigurationIsVisible = 0;
			defaultConfigurationName = Debug;
		};
		60E3BCD27533DEF1B487E2D9 /* Build configuration list for PBXNativeTarget "iosApp" */ = {
			isa = XCConfigurationList;
			buildConfigurations = (
				8621079F6C238491463F297A /* Debug */,
				959D513EB8C790EB49E078BC /* Release */,
			);
			defaultConfigurationIsVisible = 0;
			defaultConfigurationName = Debug;
		};
/* End XCConfigurationList section */
	};
	rootObject = 4F6D707E9ADCAE985EFDE87D /* Project object */;
}
